
Microsoft Visual Studio Solution File, Format Version 12.00
# Visual Studio Version 16
VisualStudioVersion = 16.0.30204.135
MinimumVisualStudioVersion = 10.0.40219.1
Project("{9A19103F-16F7-4668-BE54-9A1E7A4F7556}") = "Gameball", "Gameball\Gameball.csproj", "{BBABEE42-53EE-4002-AC0E-9A95AF63FB48}"
EndProject
Global
	GlobalSection(SolutionConfigurationPlatforms) = preSolution
		Debug|Any CPU = Debug|Any CPU
		Release|Any CPU = Release|Any CPU
	EndGlobalSection
	GlobalSection(ProjectConfigurationPlatforms) = postSolution
		{BBABEE42-53EE-4002-AC0E-9A95AF63FB48}.Debug|Any CPU.ActiveCfg = Debug|Any CPU
		{BBABEE42-53EE-4002-AC0E-9A95AF63FB48}.Debug|Any CPU.Build.0 = Debug|Any CPU
		{BBABEE42-53EE-4002-AC0E-9A95AF63FB48}.Release|Any CPU.ActiveCfg = Release|Any CPU
		{BBABEE42-53EE-4002-AC0E-9A95AF63FB48}.Release|Any CPU.Build.0 = Release|Any CPU
	EndGlobalSection
	GlobalSection(SolutionProperties) = preSolution
		HideSolutionNode = FALSE
	EndGlobalSection
	GlobalSection(ExtensibilityGlobals) = postSolution
		SolutionGuid = {23122E07-EE3A-4381-8306-FD503D9948F2}
	EndGlobalSection
EndGlobal
